
Microsoft Visual Studio Solution File, Format Version 12.00
# Visual Studio Version 17
VisualStudioVersion = 17.1.32319.34
MinimumVisualStudioVersion = 10.0.40219.1
Project("{9A19103F-16F7-4668-BE54-9A1E7A4F7556}") = "Services", "Services\Services.csproj", "{CFDF8669-E0BB-498D-AC8E-B004E904C84E}"
EndProject
Project("{9A19103F-16F7-4668-BE54-9A1E7A4F7556}") = "DAL", "DAL\DAL.csproj", "{918285C9-D253-402F-BFBC-6C63B1314DE1}"
EndProject
Project("{9A19103F-16F7-4668-BE54-9A1E7A4F7556}") = "UsuariosApp", "UsuariosApp\UsuariosApp.csproj", "{67C01E27-CE87-4780-9F40-B7906DCB3034}"
EndProject
Global
	GlobalSection(SolutionConfigurationPlatforms) = preSolution
		Debug|Any CPU = Debug|Any CPU
		Release|Any CPU = Release|Any CPU
	EndGlobalSection
	GlobalSection(ProjectConfigurationPlatforms) = postSolution
		{CFDF8669-E0BB-498D-AC8E-B004E904C84E}.Debug|Any CPU.ActiveCfg = Debug|Any CPU
		{CFDF8669-E0BB-498D-AC8E-B004E904C84E}.Debug|Any CPU.Build.0 = Debug|Any CPU
		{CFDF8669-E0BB-498D-AC8E-B004E904C84E}.Release|Any CPU.ActiveCfg = Release|Any CPU
		{CFDF8669-E0BB-498D-AC8E-B004E904C84E}.Release|Any CPU.Build.0 = Release|Any CPU
		{918285C9-D253-402F-BFBC-6C63B1314DE1}.Debug|Any CPU.ActiveCfg = Debug|Any CPU
		{918285C9-D253-402F-BFBC-6C63B1314DE1}.Debug|Any CPU.Build.0 = Debug|Any CPU
		{918285C9-D253-402F-BFBC-6C63B1314DE1}.Release|Any CPU.ActiveCfg = Release|Any CPU
		{918285C9-D253-402F-BFBC-6C63B1314DE1}.Release|Any CPU.Build.0 = Release|Any CPU
		{67C01E27-CE87-4780-9F40-B7906DCB3034}.Debug|Any CPU.ActiveCfg = Debug|Any CPU
		{67C01E27-CE87-4780-9F40-B7906DCB3034}.Debug|Any CPU.Build.0 = Debug|Any CPU
		{67C01E27-CE87-4780-9F40-B7906DCB3034}.Release|Any CPU.ActiveCfg = Release|Any CPU
		{67C01E27-CE87-4780-9F40-B7906DCB3034}.Release|Any CPU.Build.0 = Release|Any CPU
	EndGlobalSection
	GlobalSection(SolutionProperties) = preSolution
		HideSolutionNode = FALSE
	EndGlobalSection
	GlobalSection(ExtensibilityGlobals) = postSolution
		SolutionGuid = {993E5685-46B4-4B2D-9661-7EB4CC7A569A}
	EndGlobalSection
EndGlobal
